
Microsoft Visual Studio Solution File, Format Version 12.00
# Visual Studio Version 16
VisualStudioVersion = 16.0.31515.178
MinimumVisualStudioVersion = 10.0.40219.1
Project("{9A19103F-16F7-4668-BE54-9A1E7A4F7556}") = "DoughBot", "DoughBot\DoughBot.csproj", "{9721AE59-11BC-4CE0-AE33-4A395F80C998}"
EndProject
Project("{FAE04EC0-301F-11D3-BF4B-00C04F79EFBC}") = "HistoricalDataCollector", "HistoricalDataCollector\HistoricalDataCollector.csproj", "{ECA0E652-2B49-43EF-8EA3-958AEAC03F8A}"
EndProject
Global
	GlobalSection(SolutionConfigurationPlatforms) = preSolution
		Debug|Any CPU = Debug|Any CPU
		Release|Any CPU = Release|Any CPU
	EndGlobalSection
	GlobalSection(ProjectConfigurationPlatforms) = postSolution
		{9721AE59-11BC-4CE0-AE33-4A395F80C998}.Debug|Any CPU.ActiveCfg = Debug|Any CPU
		{9721AE59-11BC-4CE0-AE33-4A395F80C998}.Debug|Any CPU.Build.0 = Debug|Any CPU
		{9721AE59-11BC-4CE0-AE33-4A395F80C998}.Release|Any CPU.ActiveCfg = Release|Any CPU
		{9721AE59-11BC-4CE0-AE33-4A395F80C998}.Release|Any CPU.Build.0 = Release|Any CPU
		{ECA0E652-2B49-43EF-8EA3-958AEAC03F8A}.Debug|Any CPU.ActiveCfg = Debug|Any CPU
		{ECA0E652-2B49-43EF-8EA3-958AEAC03F8A}.Debug|Any CPU.Build.0 = Debug|Any CPU
		{ECA0E652-2B49-43EF-8EA3-958AEAC03F8A}.Release|Any CPU.ActiveCfg = Release|Any CPU
		{ECA0E652-2B49-43EF-8EA3-958AEAC03F8A}.Release|Any CPU.Build.0 = Release|Any CPU
	EndGlobalSection
	GlobalSection(SolutionProperties) = preSolution
		HideSolutionNode = FALSE
	EndGlobalSection
	GlobalSection(ExtensibilityGlobals) = postSolution
		SolutionGuid = {FFDE6BE8-8CBB-4835-AE60-E571A9D1F4C7}
	EndGlobalSection
EndGlobal
